
Microsoft Visual Studio Solution File, Format Version 12.00
# Visual Studio Version 17
VisualStudioVersion = 17.7.34009.444
MinimumVisualStudioVersion = 10.0.40219.1
Project("{2150E333-8FDC-42A3-9474-1A3956D46DE8}") = "Sample", "Sample", "{5EDBA070-2832-4FEE-A1A5-5D0EEE10DF5B}"
EndProject
Project("{FAE04EC0-301F-11D3-BF4B-00C04F79EFBC}") = "SampleApp.UWP", "SampleApp\SampleApp.UWP\SampleApp.UWP.csproj", "{17F7E982-F09B-44F0-9CA9-9C25C671C365}"
EndProject
Project("{FAE04EC0-301F-11D3-BF4B-00C04F79EFBC}") = "SampleApp.Android", "SampleApp\SampleApp.Android\SampleApp.Android.csproj", "{9BCC46FD-2A36-4A92-8A57-B1451E1AFBF7}"
EndProject
Project("{FAE04EC0-301F-11D3-BF4B-00C04F79EFBC}") = "SampleApp.iOS", "SampleApp\SampleApp.iOS\SampleApp.iOS.csproj", "{6E4DAA20-F554-4E91-9F14-42EFB1815644}"
EndProject
Project("{9A19103F-16F7-4668-BE54-9A1E7A4F7556}") = "SampleApp", "SampleApp\SampleApp\SampleApp.csproj", "{77222192-B12F-4708-8EE1-CA02927518B6}"
EndProject
Project("{9A19103F-16F7-4668-BE54-9A1E7A4F7556}") = "Resizetizer.NT", "Resizetizer.NT\Resizetizer.NT.csproj", "{CA093871-0EB4-4634-B999-FBD3AB1AEFF3}"
EndProject
Project("{FAE04EC0-301F-11D3-BF4B-00C04F79EFBC}") = "SampleApp.WPF", "SampleApp\SampleApp.WPF\SampleApp.WPF.csproj", "{62DBB813-E489-45D7-BF32-E64D04649CC8}"
EndProject
Project("{9A19103F-16F7-4668-BE54-9A1E7A4F7556}") = "Resizetizer.NT.Tests", "Resizetizer.NT.Tests\Resizetizer.NT.Tests.csproj", "{4A03955E-12C2-4D4C-91E0-FE735FCDA65E}"
EndProject
Project("{2150E333-8FDC-42A3-9474-1A3956D46DE8}") = "Solution Items", "Solution Items", "{47C168C9-68E7-4E31-8C1C-974BC6E003CC}"
	ProjectSection(SolutionItems) = preProject
		SampleApp\Directory.Build.props = SampleApp\Directory.Build.props
	EndProjectSection
EndProject
Global
	GlobalSection(SolutionConfigurationPlatforms) = preSolution
		Debug|Any CPU = Debug|Any CPU
		Debug|ARM = Debug|ARM
		Debug|iPhone = Debug|iPhone
		Debug|iPhoneSimulator = Debug|iPhoneSimulator
		Debug|x64 = Debug|x64
		Debug|x86 = Debug|x86
		Release|Any CPU = Release|Any CPU
		Release|ARM = Release|ARM
		Release|iPhone = Release|iPhone
		Release|iPhoneSimulator = Release|iPhoneSimulator
		Release|x64 = Release|x64
		Release|x86 = Release|x86
	EndGlobalSection
	GlobalSection(ProjectConfigurationPlatforms) = postSolution
		{17F7E982-F09B-44F0-9CA9-9C25C671C365}.Debug|Any CPU.ActiveCfg = Debug|x86
		{17F7E982-F09B-44F0-9CA9-9C25C671C365}.Debug|ARM.ActiveCfg = Debug|ARM
		{17F7E982-F09B-44F0-9CA9-9C25C671C365}.Debug|ARM.Build.0 = Debug|ARM
		{17F7E982-F09B-44F0-9CA9-9C25C671C365}.Debug|ARM.Deploy.0 = Debug|ARM
		{17F7E982-F09B-44F0-9CA9-9C25C671C365}.Debug|iPhone.ActiveCfg = Debug|x86
		{17F7E982-F09B-44F0-9CA9-9C25C671C365}.Debug|iPhoneSimulator.ActiveCfg = Debug|x86
		{17F7E982-F09B-44F0-9CA9-9C25C671C365}.Debug|x64.ActiveCfg = Debug|x64
		{17F7E982-F09B-44F0-9CA9-9C25C671C365}.Debug|x64.Build.0 = Debug|x64
		{17F7E982-F09B-44F0-9CA9-9C25C671C365}.Debug|x64.Deploy.0 = Debug|x64
		{17F7E982-F09B-44F0-9CA9-9C25C671C365}.Debug|x86.ActiveCfg = Debug|x86
		{17F7E982-F09B-44F0-9CA9-9C25C671C365}.Debug|x86.Build.0 = Debug|x86
		{17F7E982-F09B-44F0-9CA9-9C25C671C365}.Debug|x86.Deploy.0 = Debug|x86
		{17F7E982-F09B-44F0-9CA9-9C25C671C365}.Release|Any CPU.ActiveCfg = Release|x86
		{17F7E982-F09B-44F0-9CA9-9C25C671C365}.Release|ARM.ActiveCfg = Release|ARM
		{17F7E982-F09B-44F0-9CA9-9C25C671C365}.Release|ARM.Build.0 = Release|ARM
		{17F7E982-F09B-44F0-9CA9-9C25C671C365}.Release|ARM.Deploy.0 = Release|ARM
		{17F7E982-F09B-44F0-9CA9-9C25C671C365}.Release|iPhone.ActiveCfg = Release|x86
		{17F7E982-F09B-44F0-9CA9-9C25C671C365}.Release|iPhoneSimulator.ActiveCfg = Release|x86
		{17F7E982-F09B-44F0-9CA9-9C25C671C365}.Release|x64.ActiveCfg = Release|x64
		{17F7E982-F09B-44F0-9CA9-9C25C671C365}.Release|x64.Build.0 = Release|x64
		{17F7E982-F09B-44F0-9CA9-9C25C671C365}.Release|x64.Deploy.0 = Release|x64
		{17F7E982-F09B-44F0-9CA9-9C25C671C365}.Release|x86.ActiveCfg = Release|x86
		{17F7E982-F09B-44F0-9CA9-9C25C671C365}.Release|x86.Build.0 = Release|x86
		{17F7E982-F09B-44F0-9CA9-9C25C671C365}.Release|x86.Deploy.0 = Release|x86
		{9BCC46FD-2A36-4A92-8A57-B1451E1AFBF7}.Debug|Any CPU.ActiveCfg = Debug|Any CPU
		{9BCC46FD-2A36-4A92-8A57-B1451E1AFBF7}.Debug|Any CPU.Build.0 = Debug|Any CPU
		{9BCC46FD-2A36-4A92-8A57-B1451E1AFBF7}.Debug|Any CPU.Deploy.0 = Debug|Any CPU
		{9BCC46FD-2A36-4A92-8A57-B1451E1AFBF7}.Debug|ARM.ActiveCfg = Debug|Any CPU
		{9BCC46FD-2A36-4A92-8A57-B1451E1AFBF7}.Debug|ARM.Build.0 = Debug|Any CPU
		{9BCC46FD-2A36-4A92-8A57-B1451E1AFBF7}.Debug|ARM.Deploy.0 = Debug|Any CPU
		{9BCC46FD-2A36-4A92-8A57-B1451E1AFBF7}.Debug|iPhone.ActiveCfg = Debug|Any CPU
		{9BCC46FD-2A36-4A92-8A57-B1451E1AFBF7}.Debug|iPhone.Build.0 = Debug|Any CPU
		{9BCC46FD-2A36-4A92-8A57-B1451E1AFBF7}.Debug|iPhone.Deploy.0 = Debug|Any CPU
		{9BCC46FD-2A36-4A92-8A57-B1451E1AFBF7}.Debug|iPhoneSimulator.ActiveCfg = Debug|Any CPU
		{9BCC46FD-2A36-4A92-8A57-B1451E1AFBF7}.Debug|iPhoneSimulator.Build.0 = Debug|Any CPU
		{9BCC46FD-2A36-4A92-8A57-B1451E1AFBF7}.Debug|iPhoneSimulator.Deploy.0 = Debug|Any CPU
		{9BCC46FD-2A36-4A92-8A57-B1451E1AFBF7}.Debug|x64.ActiveCfg = Debug|Any CPU
		{9BCC46FD-2A36-4A92-8A57-B1451E1AFBF7}.Debug|x64.Build.0 = Debug|Any CPU
		{9BCC46FD-2A36-4A92-8A57-B1451E1AFBF7}.Debug|x64.Deploy.0 = Debug|Any CPU
		{9BCC46FD-2A36-4A92-8A57-B1451E1AFBF7}.Debug|x86.ActiveCfg = Debug|Any CPU
		{9BCC46FD-2A36-4A92-8A57-B1451E1AFBF7}.Debug|x86.Build.0 = Debug|Any CPU
		{9BCC46FD-2A36-4A92-8A57-B1451E1AFBF7}.Debug|x86.Deploy.0 = Debug|Any CPU
		{9BCC46FD-2A36-4A92-8A57-B1451E1AFBF7}.Release|Any CPU.ActiveCfg = Release|Any CPU
		{9BCC46FD-2A36-4A92-8A57-B1451E1AFBF7}.Release|Any CPU.Build.0 = Release|Any CPU
		{9BCC46FD-2A36-4A92-8A57-B1451E1AFBF7}.Release|Any CPU.Deploy.0 = Release|Any CPU
		{9BCC46FD-2A36-4A92-8A57-B1451E1AFBF7}.Release|ARM.ActiveCfg = Release|Any CPU
		{9BCC46FD-2A36-4A92-8A57-B1451E1AFBF7}.Release|ARM.Build.0 = Release|Any CPU
		{9BCC46FD-2A36-4A92-8A57-B1451E1AFBF7}.Release|ARM.Deploy.0 = Release|Any CPU
		{9BCC46FD-2A36-4A92-8A57-B1451E1AFBF7}.Release|iPhone.ActiveCfg = Release|Any CPU
		{9BCC46FD-2A36-4A92-8A57-B1451E1AFBF7}.Release|iPhone.Build.0 = Release|Any CPU
		{9BCC46FD-2A36-4A92-8A57-B1451E1AFBF7}.Release|iPhone.Deploy.0 = Release|Any CPU
		{9BCC46FD-2A36-4A92-8A57-B1451E1AFBF7}.Release|iPhoneSimulator.ActiveCfg = Release|Any CPU
		{9BCC46FD-2A36-4A92-8A57-B1451E1AFBF7}.Release|iPhoneSimulator.Build.0 = Release|Any CPU
		{9BCC46FD-2A36-4A92-8A57-B1451E1AFBF7}.Release|iPhoneSimulator.Deploy.0 = Release|Any CPU
		{9BCC46FD-2A36-4A92-8A57-B1451E1AFBF7}.Release|x64.ActiveCfg = Release|Any CPU
		{9BCC46FD-2A36-4A92-8A57-B1451E1AFBF7}.Release|x64.Build.0 = Release|Any CPU
		{9BCC46FD-2A36-4A92-8A57-B1451E1AFBF7}.Release|x64.Deploy.0 = Release|Any CPU
		{9BCC46FD-2A36-4A92-8A57-B1451E1AFBF7}.Release|x86.ActiveCfg = Release|Any CPU
		{9BCC46FD-2A36-4A92-8A57-B1451E1AFBF7}.Release|x86.Build.0 = Release|Any CPU
		{9BCC46FD-2A36-4A92-8A57-B1451E1AFBF7}.Release|x86.Deploy.0 = Release|Any CPU
		{6E4DAA20-F554-4E91-9F14-42EFB1815644}.Debug|Any CPU.ActiveCfg = Debug|iPhoneSimulator
		{6E4DAA20-F554-4E91-9F14-42EFB1815644}.Debug|Any CPU.Build.0 = Debug|iPhoneSimulator
		{6E4DAA20-F554-4E91-9F14-42EFB1815644}.Debug|ARM.ActiveCfg = Debug|iPhone
		{6E4DAA20-F554-4E91-9F14-42EFB1815644}.Debug|iPhone.ActiveCfg = Debug|iPhone
		{6E4DAA20-F554-4E91-9F14-42EFB1815644}.Debug|iPhone.Build.0 = Debug|iPhone
		{6E4DAA20-F554-4E91-9F14-42EFB1815644}.Debug|iPhoneSimulator.ActiveCfg = Debug|iPhoneSimulator
		{6E4DAA20-F554-4E91-9F14-42EFB1815644}.Debug|iPhoneSimulator.Build.0 = Debug|iPhoneSimulator
		{6E4DAA20-F554-4E91-9F14-42EFB1815644}.Debug|x64.ActiveCfg = Debug|iPhone
		{6E4DAA20-F554-4E91-9F14-42EFB1815644}.Debug|x86.ActiveCfg = Debug|iPhone
		{6E4DAA20-F554-4E91-9F14-42EFB1815644}.Release|Any CPU.ActiveCfg = Release|iPhone
		{6E4DAA20-F554-4E91-9F14-42EFB1815644}.Release|ARM.ActiveCfg = Release|iPhone
		{6E4DAA20-F554-4E91-9F14-42EFB1815644}.Release|iPhone.ActiveCfg = Release|iPhone
		{6E4DAA20-F554-4E91-9F14-42EFB1815644}.Release|iPhone.Build.0 = Release|iPhone
		{6E4DAA20-F554-4E91-9F14-42EFB1815644}.Release|iPhoneSimulator.ActiveCfg = Release|iPhoneSimulator
		{6E4DAA20-F554-4E91-9F14-42EFB1815644}.Release|iPhoneSimulator.Build.0 = Release|iPhoneSimulator
		{6E4DAA20-F554-4E91-9F14-42EFB1815644}.Release|x64.ActiveCfg = Release|iPhone
		{6E4DAA20-F554-4E91-9F14-42EFB1815644}.Release|x86.ActiveCfg = Release|iPhone
		{77222192-B12F-4708-8EE1-CA02927518B6}.Debug|Any CPU.ActiveCfg = Debug|Any CPU
		{77222192-B12F-4708-8EE1-CA02927518B6}.Debug|Any CPU.Build.0 = Debug|Any CPU
		{77222192-B12F-4708-8EE1-CA02927518B6}.Debug|ARM.ActiveCfg = Debug|Any CPU
		{77222192-B12F-4708-8EE1-CA02927518B6}.Debug|ARM.Build.0 = Debug|Any CPU
		{77222192-B12F-4708-8EE1-CA02927518B6}.Debug|iPhone.ActiveCfg = Debug|Any CPU
		{77222192-B12F-4708-8EE1-CA02927518B6}.Debug|iPhone.Build.0 = Debug|Any CPU
		{77222192-B12F-4708-8EE1-CA02927518B6}.Debug|iPhoneSimulator.ActiveCfg = Debug|Any CPU
		{77222192-B12F-4708-8EE1-CA02927518B6}.Debug|iPhoneSimulator.Build.0 = Debug|Any CPU
		{77222192-B12F-4708-8EE1-CA02927518B6}.Debug|x64.ActiveCfg = Debug|Any CPU
		{77222192-B12F-4708-8EE1-CA02927518B6}.Debug|x64.Build.0 = Debug|Any CPU
		{77222192-B12F-4708-8EE1-CA02927518B6}.Debug|x86.ActiveCfg = Debug|Any CPU
		{77222192-B12F-4708-8EE1-CA02927518B6}.Debug|x86.Build.0 = Debug|Any CPU
		{77222192-B12F-4708-8EE1-CA02927518B6}.Release|Any CPU.ActiveCfg = Release|Any CPU
		{77222192-B12F-4708-8EE1-CA02927518B6}.Release|Any CPU.Build.0 = Release|Any CPU
		{77222192-B12F-4708-8EE1-CA02927518B6}.Release|ARM.ActiveCfg = Release|Any CPU
		{77222192-B12F-4708-8EE1-CA02927518B6}.Release|ARM.Build.0 = Release|Any CPU
		{77222192-B12F-4708-8EE1-CA02927518B6}.Release|iPhone.ActiveCfg = Release|Any CPU
		{77222192-B12F-4708-8EE1-CA02927518B6}.Release|iPhone.Build.0 = Release|Any CPU
		{77222192-B12F-4708-8EE1-CA02927518B6}.Release|iPhoneSimulator.ActiveCfg = Release|Any CPU
		{77222192-B12F-4708-8EE1-CA02927518B6}.Release|iPhoneSimulator.Build.0 = Release|Any CPU
		{77222192-B12F-4708-8EE1-CA02927518B6}.Release|x64.ActiveCfg = Release|Any CPU
		{77222192-B12F-4708-8EE1-CA02927518B6}.Release|x64.Build.0 = Release|Any CPU
		{77222192-B12F-4708-8EE1-CA02927518B6}.Release|x86.ActiveCfg = Release|Any CPU
		{77222192-B12F-4708-8EE1-CA02927518B6}.Release|x86.Build.0 = Release|Any CPU
		{CA093871-0EB4-4634-B999-FBD3AB1AEFF3}.Debug|Any CPU.ActiveCfg = Debug|Any CPU
		{CA093871-0EB4-4634-B999-FBD3AB1AEFF3}.Debug|Any CPU.Build.0 = Debug|Any CPU
		{CA093871-0EB4-4634-B999-FBD3AB1AEFF3}.Debug|ARM.ActiveCfg = Debug|Any CPU
		{CA093871-0EB4-4634-B999-FBD3AB1AEFF3}.Debug|ARM.Build.0 = Debug|Any CPU
		{CA093871-0EB4-4634-B999-FBD3AB1AEFF3}.Debug|iPhone.ActiveCfg = Debug|Any CPU
		{CA093871-0EB4-4634-B999-FBD3AB1AEFF3}.Debug|iPhone.Build.0 = Debug|Any CPU
		{CA093871-0EB4-4634-B999-FBD3AB1AEFF3}.Debug|iPhoneSimulator.ActiveCfg = Debug|Any CPU
		{CA093871-0EB4-4634-B999-FBD3AB1AEFF3}.Debug|iPhoneSimulator.Build.0 = Debug|Any CPU
		{CA093871-0EB4-4634-B999-FBD3AB1AEFF3}.Debug|x64.ActiveCfg = Debug|Any CPU
		{CA093871-0EB4-4634-B999-FBD3AB1AEFF3}.Debug|x64.Build.0 = Debug|Any CPU
		{CA093871-0EB4-4634-B999-FBD3AB1AEFF3}.Debug|x86.ActiveCfg = Debug|Any CPU
		{CA093871-0EB4-4634-B999-FBD3AB1AEFF3}.Debug|x86.Build.0 = Debug|Any CPU
		{CA093871-0EB4-4634-B999-FBD3AB1AEFF3}.Release|Any CPU.ActiveCfg = Release|Any CPU
		{CA093871-0EB4-4634-B999-FBD3AB1AEFF3}.Release|Any CPU.Build.0 = Release|Any CPU
		{CA093871-0EB4-4634-B999-FBD3AB1AEFF3}.Release|ARM.ActiveCfg = Release|Any CPU
		{CA093871-0EB4-4634-B999-FBD3AB1AEFF3}.Release|ARM.Build.0 = Release|Any CPU
		{CA093871-0EB4-4634-B999-FBD3AB1AEFF3}.Release|iPhone.ActiveCfg = Release|Any CPU
		{CA093871-0EB4-4634-B999-FBD3AB1AEFF3}.Release|iPhone.Build.0 = Release|Any CPU
		{CA093871-0EB4-4634-B999-FBD3AB1AEFF3}.Release|iPhoneSimulator.ActiveCfg = Release|Any CPU
		{CA093871-0EB4-4634-B999-FBD3AB1AEFF3}.Release|iPhoneSimulator.Build.0 = Release|Any CPU
		{CA093871-0EB4-4634-B999-FBD3AB1AEFF3}.Release|x64.ActiveCfg = Release|Any CPU
		{CA093871-0EB4-4634-B999-FBD3AB1AEFF3}.Release|x64.Build.0 = Release|Any CPU
		{CA093871-0EB4-4634-B999-FBD3AB1AEFF3}.Release|x86.ActiveCfg = Release|Any CPU
		{CA093871-0EB4-4634-B999-FBD3AB1AEFF3}.Release|x86.Build.0 = Release|Any CPU
		{62DBB813-E489-45D7-BF32-E64D04649CC8}.Debug|Any CPU.ActiveCfg = Debug|Any CPU
		{62DBB813-E489-45D7-BF32-E64D04649CC8}.Debug|Any CPU.Build.0 = Debug|Any CPU
		{62DBB813-E489-45D7-BF32-E64D04649CC8}.Debug|ARM.ActiveCfg = Debug|Any CPU
		{62DBB813-E489-45D7-BF32-E64D04649CC8}.Debug|ARM.Build.0 = Debug|Any CPU
		{62DBB813-E489-45D7-BF32-E64D04649CC8}.Debug|iPhone.ActiveCfg = Debug|Any CPU
		{62DBB813-E489-45D7-BF32-E64D04649CC8}.Debug|iPhone.Build.0 = Debug|Any CPU
		{62DBB813-E489-45D7-BF32-E64D04649CC8}.Debug|iPhoneSimulator.ActiveCfg = Debug|Any CPU
		{62DBB813-E489-45D7-BF32-E64D04649CC8}.Debug|iPhoneSimulator.Build.0 = Debug|Any CPU
		{62DBB813-E489-45D7-BF32-E64D04649CC8}.Debug|x64.ActiveCfg = Debug|Any CPU
		{62DBB813-E489-45D7-BF32-E64D04649CC8}.Debug|x64.Build.0 = Debug|Any CPU
		{62DBB813-E489-45D7-BF32-E64D04649CC8}.Debug|x86.ActiveCfg = Debug|Any CPU
		{62DBB813-E489-45D7-BF32-E64D04649CC8}.Debug|x86.Build.0 = Debug|Any CPU
		{62DBB813-E489-45D7-BF32-E64D04649CC8}.Release|Any CPU.ActiveCfg = Release|Any CPU
		{62DBB813-E489-45D7-BF32-E64D04649CC8}.Release|Any CPU.Build.0 = Release|Any CPU
		{62DBB813-E489-45D7-BF32-E64D04649CC8}.Release|ARM.ActiveCfg = Release|Any CPU
		{62DBB813-E489-45D7-BF32-E64D04649CC8}.Release|ARM.Build.0 = Release|Any CPU
		{62DBB813-E489-45D7-BF32-E64D04649CC8}.Release|iPhone.ActiveCfg = Release|Any CPU
		{62DBB813-E489-45D7-BF32-E64D04649CC8}.Release|iPhone.Build.0 = Release|Any CPU
		{62DBB813-E489-45D7-BF32-E64D04649CC8}.Release|iPhoneSimulator.ActiveCfg = Release|Any CPU
		{62DBB813-E489-45D7-BF32-E64D04649CC8}.Release|iPhoneSimulator.Build.0 = Release|Any CPU
		{62DBB813-E489-45D7-BF32-E64D04649CC8}.Release|x64.ActiveCfg = Release|Any CPU
		{62DBB813-E489-45D7-BF32-E64D04649CC8}.Release|x64.Build.0 = Release|Any CPU
		{62DBB813-E489-45D7-BF32-E64D04649CC8}.Release|x86.ActiveCfg = Release|Any CPU
		{62DBB813-E489-45D7-BF32-E64D04649CC8}.Release|x86.Build.0 = Release|Any CPU
		{4A03955E-12C2-4D4C-91E0-FE735FCDA65E}.Debug|Any CPU.ActiveCfg = Debug|Any CPU
		{4A03955E-12C2-4D4C-91E0-FE735FCDA65E}.Debug|Any CPU.Build.0 = Debug|Any CPU
		{4A03955E-12C2-4D4C-91E0-FE735FCDA65E}.Debug|ARM.ActiveCfg = Debug|Any CPU
		{4A03955E-12C2-4D4C-91E0-FE735FCDA65E}.Debug|ARM.Build.0 = Debug|Any CPU
		{4A03955E-12C2-4D4C-91E0-FE735FCDA65E}.Debug|iPhone.ActiveCfg = Debug|Any CPU
		{4A03955E-12C2-4D4C-91E0-FE735FCDA65E}.Debug|iPhone.Build.0 = Debug|Any CPU
		{4A03955E-12C2-4D4C-91E0-FE735FCDA65E}.Debug|iPhoneSimulator.ActiveCfg = Debug|Any CPU
		{4A03955E-12C2-4D4C-91E0-FE735FCDA65E}.Debug|iPhoneSimulator.Build.0 = Debug|Any CPU
		{4A03955E-12C2-4D4C-91E0-FE735FCDA65E}.Debug|x64.ActiveCfg = Debug|Any CPU
		{4A03955E-12C2-4D4C-91E0-FE735FCDA65E}.Debug|x64.Build.0 = Debug|Any CPU
		{4A03955E-12C2-4D4C-91E0-FE735FCDA65E}.Debug|x86.ActiveCfg = Debug|Any CPU
		{4A03955E-12C2-4D4C-91E0-FE735FCDA65E}.Debug|x86.Build.0 = Debug|Any CPU
		{4A03955E-12C2-4D4C-91E0-FE735FCDA65E}.Release|Any CPU.ActiveCfg = Release|Any CPU
		{4A03955E-12C2-4D4C-91E0-FE735FCDA65E}.Release|Any CPU.Build.0 = Release|Any CPU
		{4A03955E-12C2-4D4C-91E0-FE735FCDA65E}.Release|ARM.ActiveCfg = Release|Any CPU
		{4A03955E-12C2-4D4C-91E0-FE735FCDA65E}.Release|ARM.Build.0 = Release|Any CPU
		{4A03955E-12C2-4D4C-91E0-FE735FCDA65E}.Release|iPhone.ActiveCfg = Release|Any CPU
		{4A03955E-12C2-4D4C-91E0-FE735FCDA65E}.Release|iPhone.Build.0 = Release|Any CPU
		{4A03955E-12C2-4D4C-91E0-FE735FCDA65E}.Release|iPhoneSimulator.ActiveCfg = Release|Any CPU
		{4A03955E-12C2-4D4C-91E0-FE735FCDA65E}.Release|iPhoneSimulator.Build.0 = Release|Any CPU
		{4A03955E-12C2-4D4C-91E0-FE735FCDA65E}.Release|x64.ActiveCfg = Release|Any CPU
		{4A03955E-12C2-4D4C-91E0-FE735FCDA65E}.Release|x64.Build.0 = Release|Any CPU
		{4A03955E-12C2-4D4C-91E0-FE735FCDA65E}.Release|x86.ActiveCfg = Release|Any CPU
		{4A03955E-12C2-4D4C-91E0-FE735FCDA65E}.Release|x86.Build.0 = Release|Any CPU
	EndGlobalSection
	GlobalSection(SolutionProperties) = preSolution
		HideSolutionNode = FALSE
	EndGlobalSection
	GlobalSection(NestedProjects) = preSolution
		{17F7E982-F09B-44F0-9CA9-9C25C671C365} = {5EDBA070-2832-4FEE-A1A5-5D0EEE10DF5B}
		{9BCC46FD-2A36-4A92-8A57-B1451E1AFBF7} = {5EDBA070-2832-4FEE-A1A5-5D0EEE10DF5B}
		{6E4DAA20-F554-4E91-9F14-42EFB1815644} = {5EDBA070-2832-4FEE-A1A5-5D0EEE10DF5B}
		{77222192-B12F-4708-8EE1-CA02927518B6} = {5EDBA070-2832-4FEE-A1A5-5D0EEE10DF5B}
		{62DBB813-E489-45D7-BF32-E64D04649CC8} = {5EDBA070-2832-4FEE-A1A5-5D0EEE10DF5B}
	EndGlobalSection
	GlobalSection(ExtensibilityGlobals) = postSolution
		SolutionGuid = {8689512F-CE9B-4FB6-92E9-D23E3DAEE1A2}
	EndGlobalSection
EndGlobal
